
Microsoft Visual Studio Solution File, Format Version 12.00
# Visual Studio 2013
VisualStudioVersion = 12.0.30723.0
MinimumVisualStudioVersion = 10.0.40219.1
Project("{FAE04EC0-301F-11D3-BF4B-00C04F79EFBC}") = "PlaylistGenerator", "PlaylistGenerator\PlaylistGenerator.csproj", "{A6ED517C-8F24-4FBF-98C5-71D12B1A3863}"
EndProject
Project("{2150E333-8FDC-42A3-9474-1A3956D46DE8}") = "Solution Items", "Solution Items", "{317A0E15-94F9-4BAF-B824-2D75AAC83B15}"
	ProjectSection(SolutionItems) = preProject
		LICENSE.md = LICENSE.md
		README.md = README.md
	EndProjectSection
EndProject
Global
	GlobalSection(SolutionConfigurationPlatforms) = preSolution
		Debug|Any CPU = Debug|Any CPU
		Release|Any CPU = Release|Any CPU
	EndGlobalSection
	GlobalSection(ProjectConfigurationPlatforms) = postSolution
		{A6ED517C-8F24-4FBF-98C5-71D12B1A3863}.Debug|Any CPU.ActiveCfg = Debug|Any CPU
		{A6ED517C-8F24-4FBF-98C5-71D12B1A3863}.Debug|Any CPU.Build.0 = Debug|Any CPU
		{A6ED517C-8F24-4FBF-98C5-71D12B1A3863}.Release|Any CPU.ActiveCfg = Release|Any CPU
		{A6ED517C-8F24-4FBF-98C5-71D12B1A3863}.Release|Any CPU.Build.0 = Release|Any CPU
	EndGlobalSection
	GlobalSection(SolutionProperties) = preSolution
		HideSolutionNode = FALSE
	EndGlobalSection
EndGlobal
